// !$*UTF8*$!
{
	archiveVersion = 1;
	classes = {
	};
	objectVersion = 55;
	objects = {

/* Begin PBXBuildFile section */
		4705519828AF90500008AADA /* NoteOperationType.swift in Sources */ = {isa = PBXBuildFile; fileRef = 4705519728AF90500008AADA /* NoteOperationType.swift */; };
		4705519B28AF94D90008AADA /* UserDefaultsWrapper.swift in Sources */ = {isa = PBXBuildFile; fileRef = 4705519A28AF94D90008AADA /* UserDefaultsWrapper.swift */; };
		4705519D28AF95750008AADA /* UserDefaultsStorage.swift in Sources */ = {isa = PBXBuildFile; fileRef = 4705519C28AF95750008AADA /* UserDefaultsStorage.swift */; };
		472CE80928A5387600CC41EB /* AppDelegate.swift in Sources */ = {isa = PBXBuildFile; fileRef = 472CE80828A5387600CC41EB /* AppDelegate.swift */; };
		472CE80B28A5387600CC41EB /* SceneDelegate.swift in Sources */ = {isa = PBXBuildFile; fileRef = 472CE80A28A5387600CC41EB /* SceneDelegate.swift */; };
		472CE81228A5387A00CC41EB /* Assets.xcassets in Resources */ = {isa = PBXBuildFile; fileRef = 472CE81128A5387A00CC41EB /* Assets.xcassets */; };
		472CE81528A5387A00CC41EB /* LaunchScreen.storyboard in Resources */ = {isa = PBXBuildFile; fileRef = 472CE81328A5387A00CC41EB /* LaunchScreen.storyboard */; };
		472CE82128A5449000CC41EB /* NotesViewController.swift in Sources */ = {isa = PBXBuildFile; fileRef = 472CE82028A5449000CC41EB /* NotesViewController.swift */; };
		472CE82328A5461500CC41EB /* NotesInteractor.swift in Sources */ = {isa = PBXBuildFile; fileRef = 472CE82228A5461500CC41EB /* NotesInteractor.swift */; };
		472CE82528A5465500CC41EB /* NotesPresenter.swift in Sources */ = {isa = PBXBuildFile; fileRef = 472CE82428A5465500CC41EB /* NotesPresenter.swift */; };
		4759224328CFA9340000DEC0 /* NotesTableViewCell.swift in Sources */ = {isa = PBXBuildFile; fileRef = 4759224228CFA9340000DEC0 /* NotesTableViewCell.swift */; };
		4759224828D1096D0000DEC0 /* NotesTableViewCellPresenter.swift in Sources */ = {isa = PBXBuildFile; fileRef = 4759224728D1096D0000DEC0 /* NotesTableViewCellPresenter.swift */; };
		4759224A28D109AF0000DEC0 /* NotesConstants.swift in Sources */ = {isa = PBXBuildFile; fileRef = 4759224928D109AF0000DEC0 /* NotesConstants.swift */; };
		4759224C28D10A510000DEC0 /* NotesDetailConstants.swift in Sources */ = {isa = PBXBuildFile; fileRef = 4759224B28D10A510000DEC0 /* NotesDetailConstants.swift */; };
		4759225028D74F320000DEC0 /* NotesTableViewCellPresentable.swift in Sources */ = {isa = PBXBuildFile; fileRef = 4759224F28D74F320000DEC0 /* NotesTableViewCellPresentable.swift */; };
		4772A77328A5D7A3007B81AD /* NotesRouter.swift in Sources */ = {isa = PBXBuildFile; fileRef = 4772A77228A5D7A3007B81AD /* NotesRouter.swift */; };
		4772A78228A850C3007B81AD /* NoteModel.swift in Sources */ = {isa = PBXBuildFile; fileRef = 4772A78128A850C3007B81AD /* NoteModel.swift */; };
		4772A78A28A93F34007B81AD /* NotesDetailViewController.swift in Sources */ = {isa = PBXBuildFile; fileRef = 4772A78928A93F34007B81AD /* NotesDetailViewController.swift */; };
		4772A78C28A93F74007B81AD /* NotesDetailPresenter.swift in Sources */ = {isa = PBXBuildFile; fileRef = 4772A78B28A93F74007B81AD /* NotesDetailPresenter.swift */; };
		4772A78E28A93FC1007B81AD /* NotesDetailInteractor.swift in Sources */ = {isa = PBXBuildFile; fileRef = 4772A78D28A93FC1007B81AD /* NotesDetailInteractor.swift */; };
		477B0AFE28AC6176002ADFB8 /* Constants.swift in Sources */ = {isa = PBXBuildFile; fileRef = 477B0AFD28AC6176002ADFB8 /* Constants.swift */; };
		47C2F0A528C62114000EF30B /* BaseViewManagable.swift in Sources */ = {isa = PBXBuildFile; fileRef = 47C2F0A428C62114000EF30B /* BaseViewManagable.swift */; };
		47DA406F28BF8FFA004DFCAB /* NotesDetailModuleDelegate.swift in Sources */ = {isa = PBXBuildFile; fileRef = 47DA406E28BF8FFA004DFCAB /* NotesDetailModuleDelegate.swift */; };
		47E5484528AE4DD100F40959 /* NotesBuilder.swift in Sources */ = {isa = PBXBuildFile; fileRef = 47E5484428AE4DD100F40959 /* NotesBuilder.swift */; };
		47E5484828AE5B0C00F40959 /* NotesDetailBuilder.swift in Sources */ = {isa = PBXBuildFile; fileRef = 47E5484728AE5B0C00F40959 /* NotesDetailBuilder.swift */; };
/* End PBXBuildFile section */

/* Begin PBXFileReference section */
		4705519728AF90500008AADA /* NoteOperationType.swift */ = {isa = PBXFileReference; lastKnownFileType = sourcecode.swift; path = NoteOperationType.swift; sourceTree = "<group>"; };
		4705519A28AF94D90008AADA /* UserDefaultsWrapper.swift */ = {isa = PBXFileReference; lastKnownFileType = sourcecode.swift; path = UserDefaultsWrapper.swift; sourceTree = "<group>"; };
		4705519C28AF95750008AADA /* UserDefaultsStorage.swift */ = {isa = PBXFileReference; lastKnownFileType = sourcecode.swift; path = UserDefaultsStorage.swift; sourceTree = "<group>"; };
		472CE80528A5387600CC41EB /* NotesApp.app */ = {isa = PBXFileReference; explicitFileType = wrapper.application; includeInIndex = 0; path = NotesApp.app; sourceTree = BUILT_PRODUCTS_DIR; };
		472CE80828A5387600CC41EB /* AppDelegate.swift */ = {isa = PBXFileReference; lastKnownFileType = sourcecode.swift; path = AppDelegate.swift; sourceTree = "<group>"; };
		472CE80A28A5387600CC41EB /* SceneDelegate.swift */ = {isa = PBXFileReference; lastKnownFileType = sourcecode.swift; path = SceneDelegate.swift; sourceTree = "<group>"; };
		472CE81128A5387A00CC41EB /* Assets.xcassets */ = {isa = PBXFileReference; lastKnownFileType = folder.assetcatalog; path = Assets.xcassets; sourceTree = "<group>"; };
		472CE81428A5387A00CC41EB /* Base */ = {isa = PBXFileReference; lastKnownFileType = file.storyboard; name = Base; path = Base.lproj/LaunchScreen.storyboard; sourceTree = "<group>"; };
		472CE81628A5387A00CC41EB /* Info.plist */ = {isa = PBXFileReference; lastKnownFileType = text.plist.xml; path = Info.plist; sourceTree = "<group>"; };
		472CE82028A5449000CC41EB /* NotesViewController.swift */ = {isa = PBXFileReference; lastKnownFileType = sourcecode.swift; path = NotesViewController.swift; sourceTree = "<group>"; };
		472CE82228A5461500CC41EB /* NotesInteractor.swift */ = {isa = PBXFileReference; lastKnownFileType = sourcecode.swift; path = NotesInteractor.swift; sourceTree = "<group>"; };
		472CE82428A5465500CC41EB /* NotesPresenter.swift */ = {isa = PBXFileReference; lastKnownFileType = sourcecode.swift; path = NotesPresenter.swift; sourceTree = "<group>"; };
		4759224228CFA9340000DEC0 /* NotesTableViewCell.swift */ = {isa = PBXFileReference; lastKnownFileType = sourcecode.swift; path = NotesTableViewCell.swift; sourceTree = "<group>"; };
		4759224728D1096D0000DEC0 /* NotesTableViewCellPresenter.swift */ = {isa = PBXFileReference; lastKnownFileType = sourcecode.swift; path = NotesTableViewCellPresenter.swift; sourceTree = "<group>"; };
		4759224928D109AF0000DEC0 /* NotesConstants.swift */ = {isa = PBXFileReference; lastKnownFileType = sourcecode.swift; path = NotesConstants.swift; sourceTree = "<group>"; };
		4759224B28D10A510000DEC0 /* NotesDetailConstants.swift */ = {isa = PBXFileReference; lastKnownFileType = sourcecode.swift; path = NotesDetailConstants.swift; sourceTree = "<group>"; };
		4759224F28D74F320000DEC0 /* NotesTableViewCellPresentable.swift */ = {isa = PBXFileReference; lastKnownFileType = sourcecode.swift; path = NotesTableViewCellPresentable.swift; sourceTree = "<group>"; };
		4772A77228A5D7A3007B81AD /* NotesRouter.swift */ = {isa = PBXFileReference; lastKnownFileType = sourcecode.swift; path = NotesRouter.swift; sourceTree = "<group>"; };
		4772A78128A850C3007B81AD /* NoteModel.swift */ = {isa = PBXFileReference; lastKnownFileType = sourcecode.swift; path = NoteModel.swift; sourceTree = "<group>"; };
		4772A78928A93F34007B81AD /* NotesDetailViewController.swift */ = {isa = PBXFileReference; lastKnownFileType = sourcecode.swift; path = NotesDetailViewController.swift; sourceTree = "<group>"; };
		4772A78B28A93F74007B81AD /* NotesDetailPresenter.swift */ = {isa = PBXFileReference; lastKnownFileType = sourcecode.swift; path = NotesDetailPresenter.swift; sourceTree = "<group>"; };
		4772A78D28A93FC1007B81AD /* NotesDetailInteractor.swift */ = {isa = PBXFileReference; lastKnownFileType = sourcecode.swift; path = NotesDetailInteractor.swift; sourceTree = "<group>"; };
		477B0AFD28AC6176002ADFB8 /* Constants.swift */ = {isa = PBXFileReference; lastKnownFileType = sourcecode.swift; path = Constants.swift; sourceTree = "<group>"; };
		47C2F0A428C62114000EF30B /* BaseViewManagable.swift */ = {isa = PBXFileReference; lastKnownFileType = sourcecode.swift; path = BaseViewManagable.swift; sourceTree = "<group>"; };
		47DA406E28BF8FFA004DFCAB /* NotesDetailModuleDelegate.swift */ = {isa = PBXFileReference; lastKnownFileType = sourcecode.swift; path = NotesDetailModuleDelegate.swift; sourceTree = "<group>"; };
		47E5484428AE4DD100F40959 /* NotesBuilder.swift */ = {isa = PBXFileReference; lastKnownFileType = sourcecode.swift; path = NotesBuilder.swift; sourceTree = "<group>"; };
		47E5484728AE5B0C00F40959 /* NotesDetailBuilder.swift */ = {isa = PBXFileReference; lastKnownFileType = sourcecode.swift; path = NotesDetailBuilder.swift; sourceTree = "<group>"; };
/* End PBXFileReference section */

/* Begin PBXFrameworksBuildPhase section */
		472CE80228A5387600CC41EB /* Frameworks */ = {
			isa = PBXFrameworksBuildPhase;
			buildActionMask = 2147483647;
			files = (
			);
			runOnlyForDeploymentPostprocessing = 0;
		};
/* End PBXFrameworksBuildPhase section */

/* Begin PBXGroup section */
		4705519628AF903D0008AADA /* Enum */ = {
			isa = PBXGroup;
			children = (
				4705519728AF90500008AADA /* NoteOperationType.swift */,
			);
			path = Enum;
			sourceTree = "<group>";
		};
		4705519928AF94CB0008AADA /* Helpers */ = {
			isa = PBXGroup;
			children = (
				4705519A28AF94D90008AADA /* UserDefaultsWrapper.swift */,
				4705519C28AF95750008AADA /* UserDefaultsStorage.swift */,
			);
			path = Helpers;
			sourceTree = "<group>";
		};
		472CE7FC28A5387600CC41EB = {
			isa = PBXGroup;
			children = (
				472CE80728A5387600CC41EB /* NotesApp */,
				472CE80628A5387600CC41EB /* Products */,
			);
			sourceTree = "<group>";
		};
		472CE80628A5387600CC41EB /* Products */ = {
			isa = PBXGroup;
			children = (
				472CE80528A5387600CC41EB /* NotesApp.app */,
			);
			name = Products;
			sourceTree = "<group>";
		};
		472CE80728A5387600CC41EB /* NotesApp */ = {
			isa = PBXGroup;
			children = (
				472CE80828A5387600CC41EB /* AppDelegate.swift */,
				472CE80A28A5387600CC41EB /* SceneDelegate.swift */,
				4772A78F28A93FD1007B81AD /* NotesDetail */,
				4772A77628A5D7F3007B81AD /* Notes */,
				47C2F0A328C62109000EF30B /* Common */,
				4772A78328A850D0007B81AD /* Entity */,
				4705519928AF94CB0008AADA /* Helpers */,
				47E5484928AEE64400F40959 /* Constants */,
				472CE81128A5387A00CC41EB /* Assets.xcassets */,
				472CE81328A5387A00CC41EB /* LaunchScreen.storyboard */,
				472CE81628A5387A00CC41EB /* Info.plist */,
			);
			path = NotesApp;
			sourceTree = "<group>";
		};
		4759224628D109560000DEC0 /* NotesTableViewCell */ = {
			isa = PBXGroup;
			children = (
				4759224228CFA9340000DEC0 /* NotesTableViewCell.swift */,
				4759224728D1096D0000DEC0 /* NotesTableViewCellPresenter.swift */,
				4759224F28D74F320000DEC0 /* NotesTableViewCellPresentable.swift */,
			);
			path = NotesTableViewCell;
			sourceTree = "<group>";
		};
		4772A77628A5D7F3007B81AD /* Notes */ = {
			isa = PBXGroup;
			children = (
				47E5484428AE4DD100F40959 /* NotesBuilder.swift */,
				472CE82028A5449000CC41EB /* NotesViewController.swift */,
				472CE82228A5461500CC41EB /* NotesInteractor.swift */,
				472CE82428A5465500CC41EB /* NotesPresenter.swift */,
				4772A77228A5D7A3007B81AD /* NotesRouter.swift */,
				4759224628D109560000DEC0 /* NotesTableViewCell */,
			);
			path = Notes;
			sourceTree = "<group>";
		};
		4772A78328A850D0007B81AD /* Entity */ = {
			isa = PBXGroup;
			children = (
				4772A78128A850C3007B81AD /* NoteModel.swift */,
			);
			path = Entity;
			sourceTree = "<group>";
		};
		4772A78F28A93FD1007B81AD /* NotesDetail */ = {
			isa = PBXGroup;
			children = (
				47E5484728AE5B0C00F40959 /* NotesDetailBuilder.swift */,
				4772A78928A93F34007B81AD /* NotesDetailViewController.swift */,
				4772A78B28A93F74007B81AD /* NotesDetailPresenter.swift */,
				4772A78D28A93FC1007B81AD /* NotesDetailInteractor.swift */,
				47DA406E28BF8FFA004DFCAB /* NotesDetailModuleDelegate.swift */,
				4705519628AF903D0008AADA /* Enum */,
			);
			path = NotesDetail;
			sourceTree = "<group>";
		};
		47C2F0A328C62109000EF30B /* Common */ = {
			isa = PBXGroup;
			children = (
				47C2F0A428C62114000EF30B /* BaseViewManagable.swift */,
			);
			path = Common;
			sourceTree = "<group>";
		};
		47E5484928AEE64400F40959 /* Constants */ = {
			isa = PBXGroup;
			children = (
				477B0AFD28AC6176002ADFB8 /* Constants.swift */,
				4759224928D109AF0000DEC0 /* NotesConstants.swift */,
				4759224B28D10A510000DEC0 /* NotesDetailConstants.swift */,
			);
			path = Constants;
			sourceTree = "<group>";
		};
/* End PBXGroup section */

/* Begin PBXNativeTarget section */
		472CE80428A5387600CC41EB /* NotesApp */ = {
			isa = PBXNativeTarget;
			buildConfigurationList = 472CE81928A5387A00CC41EB /* Build configuration list for PBXNativeTarget "NotesApp" */;
			buildPhases = (
				472CE80128A5387600CC41EB /* Sources */,
				472CE80228A5387600CC41EB /* Frameworks */,
				472CE80328A5387600CC41EB /* Resources */,
			);
			buildRules = (
			);
			dependencies = (
			);
			name = NotesApp;
			productName = NotesApp;
			productReference = 472CE80528A5387600CC41EB /* NotesApp.app */;
			productType = "com.apple.product-type.application";
		};
/* End PBXNativeTarget section */

/* Begin PBXProject section */
		472CE7FD28A5387600CC41EB /* Project object */ = {
			isa = PBXProject;
			attributes = {
				BuildIndependentTargetsInParallel = 1;
				LastSwiftUpdateCheck = 1330;
				LastUpgradeCheck = 1330;
				TargetAttributes = {
					472CE80428A5387600CC41EB = {
						CreatedOnToolsVersion = 13.3;
					};
				};
			};
			buildConfigurationList = 472CE80028A5387600CC41EB /* Build configuration list for PBXProject "NotesApp" */;
			compatibilityVersion = "Xcode 13.0";
			developmentRegion = en;
			hasScannedForEncodings = 0;
			knownRegions = (
				en,
				Base,
			);
			mainGroup = 472CE7FC28A5387600CC41EB;
			productRefGroup = 472CE80628A5387600CC41EB /* Products */;
			projectDirPath = "";
			projectRoot = "";
			targets = (
				472CE80428A5387600CC41EB /* NotesApp */,
			);
		};
/* End PBXProject section */

/* Begin PBXResourcesBuildPhase section */
		472CE80328A5387600CC41EB /* Resources */ = {
			isa = PBXResourcesBuildPhase;
			buildActionMask = 2147483647;
			files = (
				472CE81528A5387A00CC41EB /* LaunchScreen.storyboard in Resources */,
				472CE81228A5387A00CC41EB /* Assets.xcassets in Resources */,
			);
			runOnlyForDeploymentPostprocessing = 0;
		};
/* End PBXResourcesBuildPhase section */

/* Begin PBXSourcesBuildPhase section */
		472CE80128A5387600CC41EB /* Sources */ = {
			isa = PBXSourcesBuildPhase;
			buildActionMask = 2147483647;
			files = (
				4705519D28AF95750008AADA /* UserDefaultsStorage.swift in Sources */,
				4759224828D1096D0000DEC0 /* NotesTableViewCellPresenter.swift in Sources */,
				472CE82528A5465500CC41EB /* NotesPresenter.swift in Sources */,
				4772A78E28A93FC1007B81AD /* NotesDetailInteractor.swift in Sources */,
				4772A78228A850C3007B81AD /* NoteModel.swift in Sources */,
				4705519B28AF94D90008AADA /* UserDefaultsWrapper.swift in Sources */,
				4759224328CFA9340000DEC0 /* NotesTableViewCell.swift in Sources */,
				472CE82128A5449000CC41EB /* NotesViewController.swift in Sources */,
				47DA406F28BF8FFA004DFCAB /* NotesDetailModuleDelegate.swift in Sources */,
				4759224C28D10A510000DEC0 /* NotesDetailConstants.swift in Sources */,
				477B0AFE28AC6176002ADFB8 /* Constants.swift in Sources */,
				4772A78C28A93F74007B81AD /* NotesDetailPresenter.swift in Sources */,
				47C2F0A528C62114000EF30B /* BaseViewManagable.swift in Sources */,
				47E5484828AE5B0C00F40959 /* NotesDetailBuilder.swift in Sources */,
				4772A77328A5D7A3007B81AD /* NotesRouter.swift in Sources */,
				4759225028D74F320000DEC0 /* NotesTableViewCellPresentable.swift in Sources */,
				47E5484528AE4DD100F40959 /* NotesBuilder.swift in Sources */,
				472CE80928A5387600CC41EB /* AppDelegate.swift in Sources */,
				4705519828AF90500008AADA /* NoteOperationType.swift in Sources */,
				4772A78A28A93F34007B81AD /* NotesDetailViewController.swift in Sources */,
				472CE80B28A5387600CC41EB /* SceneDelegate.swift in Sources */,
				4759224A28D109AF0000DEC0 /* NotesConstants.swift in Sources */,
				472CE82328A5461500CC41EB /* NotesInteractor.swift in Sources */,
			);
			runOnlyForDeploymentPostprocessing = 0;
		};
/* End PBXSourcesBuildPhase section */

/* Begin PBXVariantGroup section */
		472CE81328A5387A00CC41EB /* LaunchScreen.storyboard */ = {
			isa = PBXVariantGroup;
			children = (
				472CE81428A5387A00CC41EB /* Base */,
			);
			name = LaunchScreen.storyboard;
			sourceTree = "<group>";
		};
/* End PBXVariantGroup section */

/* Begin XCBuildConfiguration section */
		472CE81728A5387A00CC41EB /* Debug */ = {
			isa = XCBuildConfiguration;
			buildSettings = {
				ALWAYS_SEARCH_USER_PATHS = NO;
				CLANG_ANALYZER_NONNULL = YES;
				CLANG_ANALYZER_NUMBER_OBJECT_CONVERSION = YES_AGGRESSIVE;
				CLANG_CXX_LANGUAGE_STANDARD = "gnu++17";
				CLANG_ENABLE_MODULES = YES;
				CLANG_ENABLE_OBJC_ARC = YES;
				CLANG_ENABLE_OBJC_WEAK = YES;
				CLANG_WARN_BLOCK_CAPTURE_AUTORELEASING = YES;
				CLANG_WARN_BOOL_CONVERSION = YES;
				CLANG_WARN_COMMA = YES;
				CLANG_WARN_CONSTANT_CONVERSION = YES;
				CLANG_WARN_DEPRECATED_OBJC_IMPLEMENTATIONS = YES;
				CLANG_WARN_DIRECT_OBJC_ISA_USAGE = YES_ERROR;
				CLANG_WARN_DOCUMENTATION_COMMENTS = YES;
				CLANG_WARN_EMPTY_BODY = YES;
				CLANG_WARN_ENUM_CONVERSION = YES;
				CLANG_WARN_INFINITE_RECURSION = YES;
				CLANG_WARN_INT_CONVERSION = YES;
				CLANG_WARN_NON_LITERAL_NULL_CONVERSION = YES;
				CLANG_WARN_OBJC_IMPLICIT_RETAIN_SELF = YES;
				CLANG_WARN_OBJC_LITERAL_CONVERSION = YES;
				CLANG_WARN_OBJC_ROOT_CLASS = YES_ERROR;
				CLANG_WARN_QUOTED_INCLUDE_IN_FRAMEWORK_HEADER = YES;
				CLANG_WARN_RANGE_LOOP_ANALYSIS = YES;
				CLANG_WARN_STRICT_PROTOTYPES = YES;
				CLANG_WARN_SUSPICIOUS_MOVE = YES;
				CLANG_WARN_UNGUARDED_AVAILABILITY = YES_AGGRESSIVE;
				CLANG_WARN_UNREACHABLE_CODE = YES;
				CLANG_WARN__DUPLICATE_METHOD_MATCH = YES;
				COPY_PHASE_STRIP = NO;
				DEBUG_INFORMATION_FORMAT = dwarf;
				ENABLE_STRICT_OBJC_MSGSEND = YES;
				ENABLE_TESTABILITY = YES;
				GCC_C_LANGUAGE_STANDARD = gnu11;
				GCC_DYNAMIC_NO_PIC = NO;
				GCC_NO_COMMON_BLOCKS = YES;
				GCC_OPTIMIZATION_LEVEL = 0;
				GCC_PREPROCESSOR_DEFINITIONS = (
					"DEBUG=1",
					"$(inherited)",
				);
				GCC_WARN_64_TO_32_BIT_CONVERSION = YES;
				GCC_WARN_ABOUT_RETURN_TYPE = YES_ERROR;
				GCC_WARN_UNDECLARED_SELECTOR = YES;
				GCC_WARN_UNINITIALIZED_AUTOS = YES_AGGRESSIVE;
				GCC_WARN_UNUSED_FUNCTION = YES;
				GCC_WARN_UNUSED_VARIABLE = YES;
				IPHONEOS_DEPLOYMENT_TARGET = 14.0;
				MTL_ENABLE_DEBUG_INFO = INCLUDE_SOURCE;
				MTL_FAST_MATH = YES;
				ONLY_ACTIVE_ARCH = YES;
				SDKROOT = iphoneos;
				SWIFT_ACTIVE_COMPILATION_CONDITIONS = DEBUG;
				SWIFT_OPTIMIZATION_LEVEL = "-Onone";
			};
			name = Debug;
		};
		472CE81828A5387A00CC41EB /* Release */ = {
			isa = XCBuildConfiguration;
			buildSettings = {
				ALWAYS_SEARCH_USER_PATHS = NO;
				CLANG_ANALYZER_NONNULL = YES;
				CLANG_ANALYZER_NUMBER_OBJECT_CONVERSION = YES_AGGRESSIVE;
				CLANG_CXX_LANGUAGE_STANDARD = "gnu++17";
				CLANG_ENABLE_MODULES = YES;
				CLANG_ENABLE_OBJC_ARC = YES;
				CLANG_ENABLE_OBJC_WEAK = YES;
				CLANG_WARN_BLOCK_CAPTURE_AUTORELEASING = YES;
				CLANG_WARN_BOOL_CONVERSION = YES;
				CLANG_WARN_COMMA = YES;
				CLANG_WARN_CONSTANT_CONVERSION = YES;
				CLANG_WARN_DEPRECATED_OBJC_IMPLEMENTATIONS = YES;
				CLANG_WARN_DIRECT_OBJC_ISA_USAGE = YES_ERROR;
				CLANG_WARN_DOCUMENTATION_COMMENTS = YES;
				CLANG_WARN_EMPTY_BODY = YES;
				CLANG_WARN_ENUM_CONVERSION = YES;
				CLANG_WARN_INFINITE_RECURSION = YES;
				CLANG_WARN_INT_CONVERSION = YES;
				CLANG_WARN_NON_LITERAL_NULL_CONVERSION = YES;
				CLANG_WARN_OBJC_IMPLICIT_RETAIN_SELF = YES;
				CLANG_WARN_OBJC_LITERAL_CONVERSION = YES;
				CLANG_WARN_OBJC_ROOT_CLASS = YES_ERROR;
				CLANG_WARN_QUOTED_INCLUDE_IN_FRAMEWORK_HEADER = YES;
				CLANG_WARN_RANGE_LOOP_ANALYSIS = YES;
				CLANG_WARN_STRICT_PROTOTYPES = YES;
				CLANG_WARN_SUSPICIOUS_MOVE = YES;
				CLANG_WARN_UNGUARDED_AVAILABILITY = YES_AGGRESSIVE;
				CLANG_WARN_UNREACHABLE_CODE = YES;
				CLANG_WARN__DUPLICATE_METHOD_MATCH = YES;
				COPY_PHASE_STRIP = NO;
				DEBUG_INFORMATION_FORMAT = "dwarf-with-dsym";
				ENABLE_NS_ASSERTIONS = NO;
				ENABLE_STRICT_OBJC_MSGSEND = YES;
				GCC_C_LANGUAGE_STANDARD = gnu11;
				GCC_NO_COMMON_BLOCKS = YES;
				GCC_WARN_64_TO_32_BIT_CONVERSION = YES;
				GCC_WARN_ABOUT_RETURN_TYPE = YES_ERROR;
				GCC_WARN_UNDECLARED_SELECTOR = YES;
				GCC_WARN_UNINITIALIZED_AUTOS = YES_AGGRESSIVE;
				GCC_WARN_UNUSED_FUNCTION = YES;
				GCC_WARN_UNUSED_VARIABLE = YES;
				IPHONEOS_DEPLOYMENT_TARGET = 14.0;
				MTL_ENABLE_DEBUG_INFO = NO;
				MTL_FAST_MATH = YES;
				SDKROOT = iphoneos;
				SWIFT_COMPILATION_MODE = wholemodule;
				SWIFT_OPTIMIZATION_LEVEL = "-O";
				VALIDATE_PRODUCT = YES;
			};
			name = Release;
		};
		472CE81A28A5387A00CC41EB /* Debug */ = {
			isa = XCBuildConfiguration;
			buildSettings = {
				ASSETCATALOG_COMPILER_APPICON_NAME = AppIcon;
				ASSETCATALOG_COMPILER_GLOBAL_ACCENT_COLOR_NAME = AccentColor;
				CODE_SIGN_STYLE = Automatic;
				CURRENT_PROJECT_VERSION = 1;
				DEVELOPMENT_TEAM = F4LDTLBPTZ;
				GENERATE_INFOPLIST_FILE = YES;
				INFOPLIST_FILE = NotesApp/Info.plist;
				INFOPLIST_KEY_UIApplicationSupportsIndirectInputEvents = YES;
				INFOPLIST_KEY_UILaunchStoryboardName = LaunchScreen;
				INFOPLIST_KEY_UISupportedInterfaceOrientations_iPad = "UIInterfaceOrientationPortrait UIInterfaceOrientationPortraitUpsideDown UIInterfaceOrientationLandscapeLeft UIInterfaceOrientationLandscapeRight";
				INFOPLIST_KEY_UISupportedInterfaceOrientations_iPhone = "UIInterfaceOrientationPortrait UIInterfaceOrientationLandscapeLeft UIInterfaceOrientationLandscapeRight";
				LD_RUNPATH_SEARCH_PATHS = (
					"$(inherited)",
					"@executable_path/Frameworks",
				);
				MARKETING_VERSION = 1.0;
				PRODUCT_BUNDLE_IDENTIFIER = com.mehmetalicakir.NotesApp;
				PRODUCT_NAME = "$(TARGET_NAME)";
				SWIFT_EMIT_LOC_STRINGS = YES;
				SWIFT_VERSION = 5.0;
				TARGETED_DEVICE_FAMILY = "1,2";
			};
			name = Debug;
		};
		472CE81B28A5387A00CC41EB /* Release */ = {
			isa = XCBuildConfiguration;
			buildSettings = {
				ASSETCATALOG_COMPILER_APPICON_NAME = AppIcon;
				ASSETCATALOG_COMPILER_GLOBAL_ACCENT_COLOR_NAME = AccentColor;
				CODE_SIGN_STYLE = Automatic;
				CURRENT_PROJECT_VERSION = 1;
				DEVELOPMENT_TEAM = F4LDTLBPTZ;
				GENERATE_INFOPLIST_FILE = YES;
				INFOPLIST_FILE = NotesApp/Info.plist;
				INFOPLIST_KEY_UIApplicationSupportsIndirectInputEvents = YES;
				INFOPLIST_KEY_UILaunchStoryboardName = LaunchScreen;
				INFOPLIST_KEY_UISupportedInterfaceOrientations_iPad = "UIInterfaceOrientationPortrait UIInterfaceOrientationPortraitUpsideDown UIInterfaceOrientationLandscapeLeft UIInterfaceOrientationLandscapeRight";
				INFOPLIST_KEY_UISupportedInterfaceOrientations_iPhone = "UIInterfaceOrientationPortrait UIInterfaceOrientationLandscapeLeft UIInterfaceOrientationLandscapeRight";
				LD_RUNPATH_SEARCH_PATHS = (
					"$(inherited)",
					"@executable_path/Frameworks",
				);
				MARKETING_VERSION = 1.0;
				PRODUCT_BUNDLE_IDENTIFIER = com.mehmetalicakir.NotesApp;
				PRODUCT_NAME = "$(TARGET_NAME)";
				SWIFT_EMIT_LOC_STRINGS = YES;
				SWIFT_VERSION = 5.0;
				TARGETED_DEVICE_FAMILY = "1,2";
			};
			name = Release;
		};
/* End XCBuildConfiguration section */

/* Begin XCConfigurationList section */
		472CE80028A5387600CC41EB /* Build configuration list for PBXProject "NotesApp" */ = {
			isa = XCConfigurationList;
			buildConfigurations = (
				472CE81728A5387A00CC41EB /* Debug */,
				472CE81828A5387A00CC41EB /* Release */,
			);
			defaultConfigurationIsVisible = 0;
			defaultConfigurationName = Release;
		};
		472CE81928A5387A00CC41EB /* Build configuration list for PBXNativeTarget "NotesApp" */ = {
			isa = XCConfigurationList;
			buildConfigurations = (
				472CE81A28A5387A00CC41EB /* Debug */,
				472CE81B28A5387A00CC41EB /* Release */,
			);
			defaultConfigurationIsVisible = 0;
			defaultConfigurationName = Release;
		};
/* End XCConfigurationList section */
	};
	rootObject = 472CE7FD28A5387600CC41EB /* Project object */;
}
